// !$*UTF8*$!
{
	archiveVersion = 1;
	classes = {
	};
	objectVersion = 50;
	objects = {

/* Begin PBXBuildFile section */
		A9AE851A66B4C8A82AD47E17 /* Pods_Vocabuleasy.framework in Frameworks */ = {isa = PBXBuildFile; fileRef = F665677F1D4FF10E028AC972 /* Pods_Vocabuleasy.framework */; };
		BA39F458226E8E6F00B5931D /* ReviewRatingViewController.swift in Sources */ = {isa = PBXBuildFile; fileRef = BA39F457226E8E6F00B5931D /* ReviewRatingViewController.swift */; };
		BA39F45A226E910F00B5931D /* ReviewControlsViewController.swift in Sources */ = {isa = PBXBuildFile; fileRef = BA39F459226E910F00B5931D /* ReviewControlsViewController.swift */; };
		BA39F45C226E962F00B5931D /* ReviewSequenceViewController.swift in Sources */ = {isa = PBXBuildFile; fileRef = BA39F45B226E962F00B5931D /* ReviewSequenceViewController.swift */; };
		BA39F46D227018EA00B5931D /* ThreeDPressButton.swift in Sources */ = {isa = PBXBuildFile; fileRef = BA39F46C227018EA00B5931D /* ThreeDPressButton.swift */; };
		BA39F46F22711AA400B5931D /* CardGestureRecognizer.swift in Sources */ = {isa = PBXBuildFile; fileRef = BA39F46E22711AA400B5931D /* CardGestureRecognizer.swift */; };
		BA5A467B2268F8340037EE57 /* ScrollableStackView.swift in Sources */ = {isa = PBXBuildFile; fileRef = BA5A467A2268F8340037EE57 /* ScrollableStackView.swift */; };
		BA5A467D2269174F0037EE57 /* CardViewController.swift in Sources */ = {isa = PBXBuildFile; fileRef = BA5A467C2269174F0037EE57 /* CardViewController.swift */; };
		BA5A467F226926A30037EE57 /* ReviewViewController.swift in Sources */ = {isa = PBXBuildFile; fileRef = BA5A467E226926A30037EE57 /* ReviewViewController.swift */; };
		BA5E8432226B8A3000D5B6ED /* UIViewController.swift in Sources */ = {isa = PBXBuildFile; fileRef = BA5E8431226B8A3000D5B6ED /* UIViewController.swift */; };
		BA5E8434226B90DC00D5B6ED /* Layout.swift in Sources */ = {isa = PBXBuildFile; fileRef = BA5E8433226B90DC00D5B6ED /* Layout.swift */; };
		BA5E8436226BA51B00D5B6ED /* ReviewDeckController.swift in Sources */ = {isa = PBXBuildFile; fileRef = BA5E8435226BA51B00D5B6ED /* ReviewDeckController.swift */; };
		BA67403E226C0FA600762C79 /* ShakeAnimationController.swift in Sources */ = {isa = PBXBuildFile; fileRef = BA67403D226C0FA600762C79 /* ShakeAnimationController.swift */; };
		BA674040226C273900762C79 /* CardFieldBuilder.swift in Sources */ = {isa = PBXBuildFile; fileRef = BA67403F226C273900762C79 /* CardFieldBuilder.swift */; };
		BAF4AC5F2268D9E700163D2C /* AppDelegate.swift in Sources */ = {isa = PBXBuildFile; fileRef = BAF4AC5E2268D9E700163D2C /* AppDelegate.swift */; };
		BAF4AC672268D9E700163D2C /* Vocabuleasy.xcdatamodeld in Sources */ = {isa = PBXBuildFile; fileRef = BAF4AC652268D9E700163D2C /* Vocabuleasy.xcdatamodeld */; };
		BAF4AC692268D9E700163D2C /* Assets.xcassets in Resources */ = {isa = PBXBuildFile; fileRef = BAF4AC682268D9E700163D2C /* Assets.xcassets */; };
		BAF4AC6C2268D9E700163D2C /* LaunchScreen.storyboard in Resources */ = {isa = PBXBuildFile; fileRef = BAF4AC6A2268D9E700163D2C /* LaunchScreen.storyboard */; };
		BAF4AC772268D9E800163D2C /* VocabuleasyTests.swift in Sources */ = {isa = PBXBuildFile; fileRef = BAF4AC762268D9E800163D2C /* VocabuleasyTests.swift */; };
		BAF4AC852268DD6900163D2C /* Theme.swift in Sources */ = {isa = PBXBuildFile; fileRef = BAF4AC842268DD6900163D2C /* Theme.swift */; };
		BAF4AC882268DE4100163D2C /* UIColor.swift in Sources */ = {isa = PBXBuildFile; fileRef = BAF4AC872268DE4100163D2C /* UIColor.swift */; };
		BAF4AC8A2268E18500163D2C /* RootViewController.swift in Sources */ = {isa = PBXBuildFile; fileRef = BAF4AC892268E18500163D2C /* RootViewController.swift */; };
		BAF4AC8D2268E1B100163D2C /* CardBackgroundView.swift in Sources */ = {isa = PBXBuildFile; fileRef = BAF4AC8C2268E1B100163D2C /* CardBackgroundView.swift */; };
		BAF4AC8F2268E28B00163D2C /* Constraints.swift in Sources */ = {isa = PBXBuildFile; fileRef = BAF4AC8E2268E28B00163D2C /* Constraints.swift */; };
		EC574DA9BD674ED85A1D2F8B /* Pods_VocabuleasyTests.framework in Frameworks */ = {isa = PBXBuildFile; fileRef = B2ACA136365AF45A45370C29 /* Pods_VocabuleasyTests.framework */; };
/* End PBXBuildFile section */

/* Begin PBXContainerItemProxy section */
		BAF4AC732268D9E800163D2C /* PBXContainerItemProxy */ = {
			isa = PBXContainerItemProxy;
			containerPortal = BAF4AC532268D9E700163D2C /* Project object */;
			proxyType = 1;
			remoteGlobalIDString = BAF4AC5A2268D9E700163D2C;
			remoteInfo = Vocabuleasy;
		};
/* End PBXContainerItemProxy section */

/* Begin PBXFileReference section */
		2F515A57B09B0E4A867BFE91 /* Pods-VocabuleasyTests.debug.xcconfig */ = {isa = PBXFileReference; includeInIndex = 1; lastKnownFileType = text.xcconfig; name = "Pods-VocabuleasyTests.debug.xcconfig"; path = "Target Support Files/Pods-VocabuleasyTests/Pods-VocabuleasyTests.debug.xcconfig"; sourceTree = "<group>"; };
		33485D05581F4117A95FF0DE /* Pods-Vocabuleasy.debug.xcconfig */ = {isa = PBXFileReference; includeInIndex = 1; lastKnownFileType = text.xcconfig; name = "Pods-Vocabuleasy.debug.xcconfig"; path = "Target Support Files/Pods-Vocabuleasy/Pods-Vocabuleasy.debug.xcconfig"; sourceTree = "<group>"; };
		8836164974147DCF5AFCE490 /* Pods-Vocabuleasy.release.xcconfig */ = {isa = PBXFileReference; includeInIndex = 1; lastKnownFileType = text.xcconfig; name = "Pods-Vocabuleasy.release.xcconfig"; path = "Target Support Files/Pods-Vocabuleasy/Pods-Vocabuleasy.release.xcconfig"; sourceTree = "<group>"; };
		B2ACA136365AF45A45370C29 /* Pods_VocabuleasyTests.framework */ = {isa = PBXFileReference; explicitFileType = wrapper.framework; includeInIndex = 0; path = Pods_VocabuleasyTests.framework; sourceTree = BUILT_PRODUCTS_DIR; };
		BA39F457226E8E6F00B5931D /* ReviewRatingViewController.swift */ = {isa = PBXFileReference; lastKnownFileType = sourcecode.swift; path = ReviewRatingViewController.swift; sourceTree = "<group>"; };
		BA39F459226E910F00B5931D /* ReviewControlsViewController.swift */ = {isa = PBXFileReference; lastKnownFileType = sourcecode.swift; path = ReviewControlsViewController.swift; sourceTree = "<group>"; };
		BA39F45B226E962F00B5931D /* ReviewSequenceViewController.swift */ = {isa = PBXFileReference; lastKnownFileType = sourcecode.swift; path = ReviewSequenceViewController.swift; sourceTree = "<group>"; };
		BA39F46C227018EA00B5931D /* ThreeDPressButton.swift */ = {isa = PBXFileReference; lastKnownFileType = sourcecode.swift; path = ThreeDPressButton.swift; sourceTree = "<group>"; };
		BA39F46E22711AA400B5931D /* CardGestureRecognizer.swift */ = {isa = PBXFileReference; lastKnownFileType = sourcecode.swift; path = CardGestureRecognizer.swift; sourceTree = "<group>"; };
		BA5A467A2268F8340037EE57 /* ScrollableStackView.swift */ = {isa = PBXFileReference; lastKnownFileType = sourcecode.swift; path = ScrollableStackView.swift; sourceTree = "<group>"; };
		BA5A467C2269174F0037EE57 /* CardViewController.swift */ = {isa = PBXFileReference; lastKnownFileType = sourcecode.swift; path = CardViewController.swift; sourceTree = "<group>"; };
		BA5A467E226926A30037EE57 /* ReviewViewController.swift */ = {isa = PBXFileReference; lastKnownFileType = sourcecode.swift; path = ReviewViewController.swift; sourceTree = "<group>"; };
		BA5E8431226B8A3000D5B6ED /* UIViewController.swift */ = {isa = PBXFileReference; lastKnownFileType = sourcecode.swift; path = UIViewController.swift; sourceTree = "<group>"; };
		BA5E8433226B90DC00D5B6ED /* Layout.swift */ = {isa = PBXFileReference; lastKnownFileType = sourcecode.swift; path = Layout.swift; sourceTree = "<group>"; };
		BA5E8435226BA51B00D5B6ED /* ReviewDeckController.swift */ = {isa = PBXFileReference; lastKnownFileType = sourcecode.swift; path = ReviewDeckController.swift; sourceTree = "<group>"; };
		BA67403D226C0FA600762C79 /* ShakeAnimationController.swift */ = {isa = PBXFileReference; lastKnownFileType = sourcecode.swift; path = ShakeAnimationController.swift; sourceTree = "<group>"; };
		BA67403F226C273900762C79 /* CardFieldBuilder.swift */ = {isa = PBXFileReference; lastKnownFileType = sourcecode.swift; path = CardFieldBuilder.swift; sourceTree = "<group>"; };
		BAF4AC5B2268D9E700163D2C /* Vocabuleasy.app */ = {isa = PBXFileReference; explicitFileType = wrapper.application; includeInIndex = 0; path = Vocabuleasy.app; sourceTree = BUILT_PRODUCTS_DIR; };
		BAF4AC5E2268D9E700163D2C /* AppDelegate.swift */ = {isa = PBXFileReference; lastKnownFileType = sourcecode.swift; path = AppDelegate.swift; sourceTree = "<group>"; };
		BAF4AC662268D9E700163D2C /* Vocabuleasy.xcdatamodel */ = {isa = PBXFileReference; lastKnownFileType = wrapper.xcdatamodel; path = Vocabuleasy.xcdatamodel; sourceTree = "<group>"; };
		BAF4AC682268D9E700163D2C /* Assets.xcassets */ = {isa = PBXFileReference; lastKnownFileType = folder.assetcatalog; path = Assets.xcassets; sourceTree = "<group>"; };
		BAF4AC6B2268D9E700163D2C /* Base */ = {isa = PBXFileReference; lastKnownFileType = file.storyboard; name = Base; path = Base.lproj/LaunchScreen.storyboard; sourceTree = "<group>"; };
		BAF4AC6D2268D9E700163D2C /* Info.plist */ = {isa = PBXFileReference; lastKnownFileType = text.plist.xml; path = Info.plist; sourceTree = "<group>"; };
		BAF4AC722268D9E800163D2C /* VocabuleasyTests.xctest */ = {isa = PBXFileReference; explicitFileType = wrapper.cfbundle; includeInIndex = 0; path = VocabuleasyTests.xctest; sourceTree = BUILT_PRODUCTS_DIR; };
		BAF4AC762268D9E800163D2C /* VocabuleasyTests.swift */ = {isa = PBXFileReference; lastKnownFileType = sourcecode.swift; path = VocabuleasyTests.swift; sourceTree = "<group>"; };
		BAF4AC782268D9E800163D2C /* Info.plist */ = {isa = PBXFileReference; lastKnownFileType = text.plist.xml; path = Info.plist; sourceTree = "<group>"; };
		BAF4AC842268DD6900163D2C /* Theme.swift */ = {isa = PBXFileReference; lastKnownFileType = sourcecode.swift; path = Theme.swift; sourceTree = "<group>"; };
		BAF4AC872268DE4100163D2C /* UIColor.swift */ = {isa = PBXFileReference; lastKnownFileType = sourcecode.swift; path = UIColor.swift; sourceTree = "<group>"; };
		BAF4AC892268E18500163D2C /* RootViewController.swift */ = {isa = PBXFileReference; lastKnownFileType = sourcecode.swift; path = RootViewController.swift; sourceTree = "<group>"; };
		BAF4AC8C2268E1B100163D2C /* CardBackgroundView.swift */ = {isa = PBXFileReference; lastKnownFileType = sourcecode.swift; path = CardBackgroundView.swift; sourceTree = "<group>"; };
		BAF4AC8E2268E28B00163D2C /* Constraints.swift */ = {isa = PBXFileReference; lastKnownFileType = sourcecode.swift; path = Constraints.swift; sourceTree = "<group>"; };
		DEA39B53398684573B934365 /* Pods-VocabuleasyTests.release.xcconfig */ = {isa = PBXFileReference; includeInIndex = 1; lastKnownFileType = text.xcconfig; name = "Pods-VocabuleasyTests.release.xcconfig"; path = "Target Support Files/Pods-VocabuleasyTests/Pods-VocabuleasyTests.release.xcconfig"; sourceTree = "<group>"; };
		F665677F1D4FF10E028AC972 /* Pods_Vocabuleasy.framework */ = {isa = PBXFileReference; explicitFileType = wrapper.framework; includeInIndex = 0; path = Pods_Vocabuleasy.framework; sourceTree = BUILT_PRODUCTS_DIR; };
/* End PBXFileReference section */

/* Begin PBXFrameworksBuildPhase section */
		BAF4AC582268D9E700163D2C /* Frameworks */ = {
			isa = PBXFrameworksBuildPhase;
			buildActionMask = 2147483647;
			files = (
				A9AE851A66B4C8A82AD47E17 /* Pods_Vocabuleasy.framework in Frameworks */,
			);
			runOnlyForDeploymentPostprocessing = 0;
		};
		BAF4AC6F2268D9E800163D2C /* Frameworks */ = {
			isa = PBXFrameworksBuildPhase;
			buildActionMask = 2147483647;
			files = (
				EC574DA9BD674ED85A1D2F8B /* Pods_VocabuleasyTests.framework in Frameworks */,
			);
			runOnlyForDeploymentPostprocessing = 0;
		};
/* End PBXFrameworksBuildPhase section */

/* Begin PBXGroup section */
		86223377E5A1876B470C3DE0 /* Pods */ = {
			isa = PBXGroup;
			children = (
				33485D05581F4117A95FF0DE /* Pods-Vocabuleasy.debug.xcconfig */,
				8836164974147DCF5AFCE490 /* Pods-Vocabuleasy.release.xcconfig */,
				2F515A57B09B0E4A867BFE91 /* Pods-VocabuleasyTests.debug.xcconfig */,
				DEA39B53398684573B934365 /* Pods-VocabuleasyTests.release.xcconfig */,
			);
			path = Pods;
			sourceTree = "<group>";
		};
		BA5E8437226BA5B100D5B6ED /* Model */ = {
			isa = PBXGroup;
			children = (
			);
			path = Model;
			sourceTree = "<group>";
		};
		BAF4AC522268D9E700163D2C = {
			isa = PBXGroup;
			children = (
				BAF4AC5D2268D9E700163D2C /* Vocabuleasy */,
				BAF4AC752268D9E800163D2C /* VocabuleasyTests */,
				BAF4AC5C2268D9E700163D2C /* Products */,
				86223377E5A1876B470C3DE0 /* Pods */,
				ED3EA5D78BF23ED99648EA06 /* Frameworks */,
			);
			sourceTree = "<group>";
		};
		BAF4AC5C2268D9E700163D2C /* Products */ = {
			isa = PBXGroup;
			children = (
				BAF4AC5B2268D9E700163D2C /* Vocabuleasy.app */,
				BAF4AC722268D9E800163D2C /* VocabuleasyTests.xctest */,
			);
			name = Products;
			sourceTree = "<group>";
		};
		BAF4AC5D2268D9E700163D2C /* Vocabuleasy */ = {
			isa = PBXGroup;
			children = (
				BA5E8437226BA5B100D5B6ED /* Model */,
				BAF4AC862268DE2F00163D2C /* Extensions */,
				BAF4AC8B2268E19800163D2C /* Views */,
				BAF4AC832268DD5600163D2C /* Constants */,
				BAF4AC5E2268D9E700163D2C /* AppDelegate.swift */,
				BAF4AC892268E18500163D2C /* RootViewController.swift */,
				BAF4AC682268D9E700163D2C /* Assets.xcassets */,
				BAF4AC6A2268D9E700163D2C /* LaunchScreen.storyboard */,
				BAF4AC6D2268D9E700163D2C /* Info.plist */,
				BAF4AC652268D9E700163D2C /* Vocabuleasy.xcdatamodeld */,
			);
			path = Vocabuleasy;
			sourceTree = "<group>";
		};
		BAF4AC752268D9E800163D2C /* VocabuleasyTests */ = {
			isa = PBXGroup;
			children = (
				BAF4AC762268D9E800163D2C /* VocabuleasyTests.swift */,
				BAF4AC782268D9E800163D2C /* Info.plist */,
			);
			path = VocabuleasyTests;
			sourceTree = "<group>";
		};
		BAF4AC832268DD5600163D2C /* Constants */ = {
			isa = PBXGroup;
			children = (
				BAF4AC842268DD6900163D2C /* Theme.swift */,
				BA5E8433226B90DC00D5B6ED /* Layout.swift */,
			);
			path = Constants;
			sourceTree = "<group>";
		};
		BAF4AC862268DE2F00163D2C /* Extensions */ = {
			isa = PBXGroup;
			children = (
				BAF4AC872268DE4100163D2C /* UIColor.swift */,
				BAF4AC8E2268E28B00163D2C /* Constraints.swift */,
				BA5E8431226B8A3000D5B6ED /* UIViewController.swift */,
			);
			path = Extensions;
			sourceTree = "<group>";
		};
		BAF4AC8B2268E19800163D2C /* Views */ = {
			isa = PBXGroup;
			children = (
				BAF4AC8C2268E1B100163D2C /* CardBackgroundView.swift */,
				BA5A467A2268F8340037EE57 /* ScrollableStackView.swift */,
				BA5A467C2269174F0037EE57 /* CardViewController.swift */,
				BA5A467E226926A30037EE57 /* ReviewViewController.swift */,
				BA5E8435226BA51B00D5B6ED /* ReviewDeckController.swift */,
				BA67403D226C0FA600762C79 /* ShakeAnimationController.swift */,
				BA67403F226C273900762C79 /* CardFieldBuilder.swift */,
				BA39F457226E8E6F00B5931D /* ReviewRatingViewController.swift */,
				BA39F459226E910F00B5931D /* ReviewControlsViewController.swift */,
				BA39F45B226E962F00B5931D /* ReviewSequenceViewController.swift */,
				BA39F46C227018EA00B5931D /* ThreeDPressButton.swift */,
				BA39F46E22711AA400B5931D /* CardGestureRecognizer.swift */,
			);
			path = Views;
			sourceTree = "<group>";
		};
		ED3EA5D78BF23ED99648EA06 /* Frameworks */ = {
			isa = PBXGroup;
			children = (
				F665677F1D4FF10E028AC972 /* Pods_Vocabuleasy.framework */,
				B2ACA136365AF45A45370C29 /* Pods_VocabuleasyTests.framework */,
			);
			name = Frameworks;
			sourceTree = "<group>";
		};
/* End PBXGroup section */

/* Begin PBXNativeTarget section */
		BAF4AC5A2268D9E700163D2C /* Vocabuleasy */ = {
			isa = PBXNativeTarget;
			buildConfigurationList = BAF4AC7B2268D9E800163D2C /* Build configuration list for PBXNativeTarget "Vocabuleasy" */;
			buildPhases = (
				3683806A29BDEBD7A7E22582 /* [CP] Check Pods Manifest.lock */,
				BAF4AC572268D9E700163D2C /* Sources */,
				BAF4AC582268D9E700163D2C /* Frameworks */,
				BAF4AC592268D9E700163D2C /* Resources */,
				CD7183DBC0AD9576547FDED6 /* [CP] Embed Pods Frameworks */,
			);
			buildRules = (
			);
			dependencies = (
			);
			name = Vocabuleasy;
			productName = Vocabuleasy;
			productReference = BAF4AC5B2268D9E700163D2C /* Vocabuleasy.app */;
			productType = "com.apple.product-type.application";
		};
		BAF4AC712268D9E800163D2C /* VocabuleasyTests */ = {
			isa = PBXNativeTarget;
			buildConfigurationList = BAF4AC7E2268D9E800163D2C /* Build configuration list for PBXNativeTarget "VocabuleasyTests" */;
			buildPhases = (
				B5EC2F58BB3287794EB44260 /* [CP] Check Pods Manifest.lock */,
				BAF4AC6E2268D9E800163D2C /* Sources */,
				BAF4AC6F2268D9E800163D2C /* Frameworks */,
				BAF4AC702268D9E800163D2C /* Resources */,
			);
			buildRules = (
			);
			dependencies = (
				BAF4AC742268D9E800163D2C /* PBXTargetDependency */,
			);
			name = VocabuleasyTests;
			productName = VocabuleasyTests;
			productReference = BAF4AC722268D9E800163D2C /* VocabuleasyTests.xctest */;
			productType = "com.apple.product-type.bundle.unit-test";
		};
/* End PBXNativeTarget section */

/* Begin PBXProject section */
		BAF4AC532268D9E700163D2C /* Project object */ = {
			isa = PBXProject;
			attributes = {
				LastSwiftUpdateCheck = 1020;
				LastUpgradeCheck = 1020;
				ORGANIZATIONNAME = "Eric Groom";
				TargetAttributes = {
					BAF4AC5A2268D9E700163D2C = {
						CreatedOnToolsVersion = 10.2;
					};
					BAF4AC712268D9E800163D2C = {
						CreatedOnToolsVersion = 10.2;
						TestTargetID = BAF4AC5A2268D9E700163D2C;
					};
				};
			};
			buildConfigurationList = BAF4AC562268D9E700163D2C /* Build configuration list for PBXProject "Vocabuleasy" */;
			compatibilityVersion = "Xcode 9.3";
			developmentRegion = en;
			hasScannedForEncodings = 0;
			knownRegions = (
				en,
				Base,
			);
			mainGroup = BAF4AC522268D9E700163D2C;
			productRefGroup = BAF4AC5C2268D9E700163D2C /* Products */;
			projectDirPath = "";
			projectRoot = "";
			targets = (
				BAF4AC5A2268D9E700163D2C /* Vocabuleasy */,
				BAF4AC712268D9E800163D2C /* VocabuleasyTests */,
			);
		};
/* End PBXProject section */

/* Begin PBXResourcesBuildPhase section */
		BAF4AC592268D9E700163D2C /* Resources */ = {
			isa = PBXResourcesBuildPhase;
			buildActionMask = 2147483647;
			files = (
				BAF4AC6C2268D9E700163D2C /* LaunchScreen.storyboard in Resources */,
				BAF4AC692268D9E700163D2C /* Assets.xcassets in Resources */,
			);
			runOnlyForDeploymentPostprocessing = 0;
		};
		BAF4AC702268D9E800163D2C /* Resources */ = {
			isa = PBXResourcesBuildPhase;
			buildActionMask = 2147483647;
			files = (
			);
			runOnlyForDeploymentPostprocessing = 0;
		};
/* End PBXResourcesBuildPhase section */

/* Begin PBXShellScriptBuildPhase section */
		3683806A29BDEBD7A7E22582 /* [CP] Check Pods Manifest.lock */ = {
			isa = PBXShellScriptBuildPhase;
			buildActionMask = 2147483647;
			files = (
			);
			inputFileListPaths = (
			);
			inputPaths = (
				"${PODS_PODFILE_DIR_PATH}/Podfile.lock",
				"${PODS_ROOT}/Manifest.lock",
			);
			name = "[CP] Check Pods Manifest.lock";
			outputFileListPaths = (
			);
			outputPaths = (
				"$(DERIVED_FILE_DIR)/Pods-Vocabuleasy-checkManifestLockResult.txt",
			);
			runOnlyForDeploymentPostprocessing = 0;
			shellPath = /bin/sh;
			shellScript = "diff \"${PODS_PODFILE_DIR_PATH}/Podfile.lock\" \"${PODS_ROOT}/Manifest.lock\" > /dev/null\nif [ $? != 0 ] ; then\n    # print error to STDERR\n    echo \"error: The sandbox is not in sync with the Podfile.lock. Run 'pod install' or update your CocoaPods installation.\" >&2\n    exit 1\nfi\n# This output is used by Xcode 'outputs' to avoid re-running this script phase.\necho \"SUCCESS\" > \"${SCRIPT_OUTPUT_FILE_0}\"\n";
			showEnvVarsInLog = 0;
		};
		B5EC2F58BB3287794EB44260 /* [CP] Check Pods Manifest.lock */ = {
			isa = PBXShellScriptBuildPhase;
			buildActionMask = 2147483647;
			files = (
			);
			inputFileListPaths = (
			);
			inputPaths = (
				"${PODS_PODFILE_DIR_PATH}/Podfile.lock",
				"${PODS_ROOT}/Manifest.lock",
			);
			name = "[CP] Check Pods Manifest.lock";
			outputFileListPaths = (
			);
			outputPaths = (
				"$(DERIVED_FILE_DIR)/Pods-VocabuleasyTests-checkManifestLockResult.txt",
			);
			runOnlyForDeploymentPostprocessing = 0;
			shellPath = /bin/sh;
			shellScript = "diff \"${PODS_PODFILE_DIR_PATH}/Podfile.lock\" \"${PODS_ROOT}/Manifest.lock\" > /dev/null\nif [ $? != 0 ] ; then\n    # print error to STDERR\n    echo \"error: The sandbox is not in sync with the Podfile.lock. Run 'pod install' or update your CocoaPods installation.\" >&2\n    exit 1\nfi\n# This output is used by Xcode 'outputs' to avoid re-running this script phase.\necho \"SUCCESS\" > \"${SCRIPT_OUTPUT_FILE_0}\"\n";
			showEnvVarsInLog = 0;
		};
		CD7183DBC0AD9576547FDED6 /* [CP] Embed Pods Frameworks */ = {
			isa = PBXShellScriptBuildPhase;
			buildActionMask = 2147483647;
			files = (
			);
			inputFileListPaths = (
			);
			inputPaths = (
				"${PODS_ROOT}/Target Support Files/Pods-Vocabuleasy/Pods-Vocabuleasy-frameworks.sh",
				"${BUILT_PRODUCTS_DIR}/Hero/Hero.framework",
			);
			name = "[CP] Embed Pods Frameworks";
			outputFileListPaths = (
			);
			outputPaths = (
				"${TARGET_BUILD_DIR}/${FRAMEWORKS_FOLDER_PATH}/Hero.framework",
			);
			runOnlyForDeploymentPostprocessing = 0;
			shellPath = /bin/sh;
			shellScript = "\"${PODS_ROOT}/Target Support Files/Pods-Vocabuleasy/Pods-Vocabuleasy-frameworks.sh\"\n";
			showEnvVarsInLog = 0;
		};
/* End PBXShellScriptBuildPhase section */

/* Begin PBXSourcesBuildPhase section */
		BAF4AC572268D9E700163D2C /* Sources */ = {
			isa = PBXSourcesBuildPhase;
			buildActionMask = 2147483647;
			files = (
				BAF4AC8A2268E18500163D2C /* RootViewController.swift in Sources */,
				BAF4AC8F2268E28B00163D2C /* Constraints.swift in Sources */,
				BA5A467F226926A30037EE57 /* ReviewViewController.swift in Sources */,
				BA674040226C273900762C79 /* CardFieldBuilder.swift in Sources */,
				BA67403E226C0FA600762C79 /* ShakeAnimationController.swift in Sources */,
				BA5E8432226B8A3000D5B6ED /* UIViewController.swift in Sources */,
				BAF4AC672268D9E700163D2C /* Vocabuleasy.xcdatamodeld in Sources */,
				BA5E8434226B90DC00D5B6ED /* Layout.swift in Sources */,
				BAF4AC852268DD6900163D2C /* Theme.swift in Sources */,
				BA39F458226E8E6F00B5931D /* ReviewRatingViewController.swift in Sources */,
				BAF4AC5F2268D9E700163D2C /* AppDelegate.swift in Sources */,
				BA39F46F22711AA400B5931D /* CardGestureRecognizer.swift in Sources */,
				BA39F45C226E962F00B5931D /* ReviewSequenceViewController.swift in Sources */,
				BA39F45A226E910F00B5931D /* ReviewControlsViewController.swift in Sources */,
				BA5A467D2269174F0037EE57 /* CardViewController.swift in Sources */,
				BA5E8436226BA51B00D5B6ED /* ReviewDeckController.swift in Sources */,
				BA5A467B2268F8340037EE57 /* ScrollableStackView.swift in Sources */,
				BAF4AC8D2268E1B100163D2C /* CardBackgroundView.swift in Sources */,
				BA39F46D227018EA00B5931D /* ThreeDPressButton.swift in Sources */,
				BAF4AC882268DE4100163D2C /* UIColor.swift in Sources */,
			);
			runOnlyForDeploymentPostprocessing = 0;
		};
		BAF4AC6E2268D9E800163D2C /* Sources */ = {
			isa = PBXSourcesBuildPhase;
			buildActionMask = 2147483647;
			files = (
				BAF4AC772268D9E800163D2C /* VocabuleasyTests.swift in Sources */,
			);
			runOnlyForDeploymentPostprocessing = 0;
		};
/* End PBXSourcesBuildPhase section */

/* Begin PBXTargetDependency section */
		BAF4AC742268D9E800163D2C /* PBXTargetDependency */ = {
			isa = PBXTargetDependency;
			target = BAF4AC5A2268D9E700163D2C /* Vocabuleasy */;
			targetProxy = BAF4AC732268D9E800163D2C /* PBXContainerItemProxy */;
		};
/* End PBXTargetDependency section */

/* Begin PBXVariantGroup section */
		BAF4AC6A2268D9E700163D2C /* LaunchScreen.storyboard */ = {
			isa = PBXVariantGroup;
			children = (
				BAF4AC6B2268D9E700163D2C /* Base */,
			);
			name = LaunchScreen.storyboard;
			sourceTree = "<group>";
		};
/* End PBXVariantGroup section */

/* Begin XCBuildConfiguration section */
		BAF4AC792268D9E800163D2C /* Debug */ = {
			isa = XCBuildConfiguration;
			buildSettings = {
				ALWAYS_SEARCH_USER_PATHS = NO;
				CLANG_ANALYZER_NONNULL = YES;
				CLANG_ANALYZER_NUMBER_OBJECT_CONVERSION = YES_AGGRESSIVE;
				CLANG_CXX_LANGUAGE_STANDARD = "gnu++14";
				CLANG_CXX_LIBRARY = "libc++";
				CLANG_ENABLE_MODULES = YES;
				CLANG_ENABLE_OBJC_ARC = YES;
				CLANG_ENABLE_OBJC_WEAK = YES;
				CLANG_WARN_BLOCK_CAPTURE_AUTORELEASING = YES;
				CLANG_WARN_BOOL_CONVERSION = YES;
				CLANG_WARN_COMMA = YES;
				CLANG_WARN_CONSTANT_CONVERSION = YES;
				CLANG_WARN_DEPRECATED_OBJC_IMPLEMENTATIONS = YES;
				CLANG_WARN_DIRECT_OBJC_ISA_USAGE = YES_ERROR;
				CLANG_WARN_DOCUMENTATION_COMMENTS = YES;
				CLANG_WARN_EMPTY_BODY = YES;
				CLANG_WARN_ENUM_CONVERSION = YES;
				CLANG_WARN_INFINITE_RECURSION = YES;
				CLANG_WARN_INT_CONVERSION = YES;
				CLANG_WARN_NON_LITERAL_NULL_CONVERSION = YES;
				CLANG_WARN_OBJC_IMPLICIT_RETAIN_SELF = YES;
				CLANG_WARN_OBJC_LITERAL_CONVERSION = YES;
				CLANG_WARN_OBJC_ROOT_CLASS = YES_ERROR;
				CLANG_WARN_RANGE_LOOP_ANALYSIS = YES;
				CLANG_WARN_STRICT_PROTOTYPES = YES;
				CLANG_WARN_SUSPICIOUS_MOVE = YES;
				CLANG_WARN_UNGUARDED_AVAILABILITY = YES_AGGRESSIVE;
				CLANG_WARN_UNREACHABLE_CODE = YES;
				CLANG_WARN__DUPLICATE_METHOD_MATCH = YES;
				CODE_SIGN_IDENTITY = "iPhone Developer";
				COPY_PHASE_STRIP = NO;
				DEBUG_INFORMATION_FORMAT = dwarf;
				ENABLE_STRICT_OBJC_MSGSEND = YES;
				ENABLE_TESTABILITY = YES;
				GCC_C_LANGUAGE_STANDARD = gnu11;
				GCC_DYNAMIC_NO_PIC = NO;
				GCC_NO_COMMON_BLOCKS = YES;
				GCC_OPTIMIZATION_LEVEL = 0;
				GCC_PREPROCESSOR_DEFINITIONS = (
					"DEBUG=1",
					"$(inherited)",
				);
				GCC_WARN_64_TO_32_BIT_CONVERSION = YES;
				GCC_WARN_ABOUT_RETURN_TYPE = YES_ERROR;
				GCC_WARN_UNDECLARED_SELECTOR = YES;
				GCC_WARN_UNINITIALIZED_AUTOS = YES_AGGRESSIVE;
				GCC_WARN_UNUSED_FUNCTION = YES;
				GCC_WARN_UNUSED_VARIABLE = YES;
				IPHONEOS_DEPLOYMENT_TARGET = 12.2;
				MTL_ENABLE_DEBUG_INFO = INCLUDE_SOURCE;
				MTL_FAST_MATH = YES;
				ONLY_ACTIVE_ARCH = YES;
				SDKROOT = iphoneos;
				SWIFT_ACTIVE_COMPILATION_CONDITIONS = DEBUG;
				SWIFT_OPTIMIZATION_LEVEL = "-Onone";
			};
			name = Debug;
		};
		BAF4AC7A2268D9E800163D2C /* Release */ = {
			isa = XCBuildConfiguration;
			buildSettings = {
				ALWAYS_SEARCH_USER_PATHS = NO;
				CLANG_ANALYZER_NONNULL = YES;
				CLANG_ANALYZER_NUMBER_OBJECT_CONVERSION = YES_AGGRESSIVE;
				CLANG_CXX_LANGUAGE_STANDARD = "gnu++14";
				CLANG_CXX_LIBRARY = "libc++";
				CLANG_ENABLE_MODULES = YES;
				CLANG_ENABLE_OBJC_ARC = YES;
				CLANG_ENABLE_OBJC_WEAK = YES;
				CLANG_WARN_BLOCK_CAPTURE_AUTORELEASING = YES;
				CLANG_WARN_BOOL_CONVERSION = YES;
				CLANG_WARN_COMMA = YES;
				CLANG_WARN_CONSTANT_CONVERSION = YES;
				CLANG_WARN_DEPRECATED_OBJC_IMPLEMENTATIONS = YES;
				CLANG_WARN_DIRECT_OBJC_ISA_USAGE = YES_ERROR;
				CLANG_WARN_DOCUMENTATION_COMMENTS = YES;
				CLANG_WARN_EMPTY_BODY = YES;
				CLANG_WARN_ENUM_CONVERSION = YES;
				CLANG_WARN_INFINITE_RECURSION = YES;
				CLANG_WARN_INT_CONVERSION = YES;
				CLANG_WARN_NON_LITERAL_NULL_CONVERSION = YES;
				CLANG_WARN_OBJC_IMPLICIT_RETAIN_SELF = YES;
				CLANG_WARN_OBJC_LITERAL_CONVERSION = YES;
				CLANG_WARN_OBJC_ROOT_CLASS = YES_ERROR;
				CLANG_WARN_RANGE_LOOP_ANALYSIS = YES;
				CLANG_WARN_STRICT_PROTOTYPES = YES;
				CLANG_WARN_SUSPICIOUS_MOVE = YES;
				CLANG_WARN_UNGUARDED_AVAILABILITY = YES_AGGRESSIVE;
				CLANG_WARN_UNREACHABLE_CODE = YES;
				CLANG_WARN__DUPLICATE_METHOD_MATCH = YES;
				CODE_SIGN_IDENTITY = "iPhone Developer";
				COPY_PHASE_STRIP = NO;
				DEBUG_INFORMATION_FORMAT = "dwarf-with-dsym";
				ENABLE_NS_ASSERTIONS = NO;
				ENABLE_STRICT_OBJC_MSGSEND = YES;
				GCC_C_LANGUAGE_STANDARD = gnu11;
				GCC_NO_COMMON_BLOCKS = YES;
				GCC_WARN_64_TO_32_BIT_CONVERSION = YES;
				GCC_WARN_ABOUT_RETURN_TYPE = YES_ERROR;
				GCC_WARN_UNDECLARED_SELECTOR = YES;
				GCC_WARN_UNINITIALIZED_AUTOS = YES_AGGRESSIVE;
				GCC_WARN_UNUSED_FUNCTION = YES;
				GCC_WARN_UNUSED_VARIABLE = YES;
				IPHONEOS_DEPLOYMENT_TARGET = 12.2;
				MTL_ENABLE_DEBUG_INFO = NO;
				MTL_FAST_MATH = YES;
				SDKROOT = iphoneos;
				SWIFT_COMPILATION_MODE = wholemodule;
				SWIFT_OPTIMIZATION_LEVEL = "-O";
				VALIDATE_PRODUCT = YES;
			};
			name = Release;
		};
		BAF4AC7C2268D9E800163D2C /* Debug */ = {
			isa = XCBuildConfiguration;
			baseConfigurationReference = 33485D05581F4117A95FF0DE /* Pods-Vocabuleasy.debug.xcconfig */;
			buildSettings = {
				ASSETCATALOG_COMPILER_APPICON_NAME = AppIcon;
				CODE_SIGN_STYLE = Automatic;
				DEVELOPMENT_TEAM = 9AH9J2C937;
				INFOPLIST_FILE = Vocabuleasy/Info.plist;
				LD_RUNPATH_SEARCH_PATHS = (
					"$(inherited)",
					"@executable_path/Frameworks",
				);
				PRODUCT_BUNDLE_IDENTIFIER = com.ericgroom.Vocabuleasy;
				PRODUCT_NAME = "$(TARGET_NAME)";
				SWIFT_VERSION = 5.0;
				TARGETED_DEVICE_FAMILY = "1,2";
			};
			name = Debug;
		};
		BAF4AC7D2268D9E800163D2C /* Release */ = {
			isa = XCBuildConfiguration;
			baseConfigurationReference = 8836164974147DCF5AFCE490 /* Pods-Vocabuleasy.release.xcconfig */;
			buildSettings = {
				ASSETCATALOG_COMPILER_APPICON_NAME = AppIcon;
				CODE_SIGN_STYLE = Automatic;
				DEVELOPMENT_TEAM = 9AH9J2C937;
				INFOPLIST_FILE = Vocabuleasy/Info.plist;
				LD_RUNPATH_SEARCH_PATHS = (
					"$(inherited)",
					"@executable_path/Frameworks",
				);
				PRODUCT_BUNDLE_IDENTIFIER = com.ericgroom.Vocabuleasy;
				PRODUCT_NAME = "$(TARGET_NAME)";
				SWIFT_VERSION = 5.0;
				TARGETED_DEVICE_FAMILY = "1,2";
			};
			name = Release;
		};
		BAF4AC7F2268D9E800163D2C /* Debug */ = {
			isa = XCBuildConfiguration;
			baseConfigurationReference = 2F515A57B09B0E4A867BFE91 /* Pods-VocabuleasyTests.debug.xcconfig */;
			buildSettings = {
				ALWAYS_EMBED_SWIFT_STANDARD_LIBRARIES = YES;
				BUNDLE_LOADER = "$(TEST_HOST)";
				CODE_SIGN_STYLE = Automatic;
				DEVELOPMENT_TEAM = 9AH9J2C937;
				INFOPLIST_FILE = VocabuleasyTests/Info.plist;
				LD_RUNPATH_SEARCH_PATHS = (
					"$(inherited)",
					"@executable_path/Frameworks",
					"@loader_path/Frameworks",
				);
				PRODUCT_BUNDLE_IDENTIFIER = com.ericgroom.VocabuleasyTests;
				PRODUCT_NAME = "$(TARGET_NAME)";
				SWIFT_VERSION = 5.0;
				TARGETED_DEVICE_FAMILY = "1,2";
				TEST_HOST = "$(BUILT_PRODUCTS_DIR)/Vocabuleasy.app/Vocabuleasy";
			};
			name = Debug;
		};
		BAF4AC802268D9E800163D2C /* Release */ = {
			isa = XCBuildConfiguration;
			baseConfigurationReference = DEA39B53398684573B934365 /* Pods-VocabuleasyTests.release.xcconfig */;
			buildSettings = {
				ALWAYS_EMBED_SWIFT_STANDARD_LIBRARIES = YES;
				BUNDLE_LOADER = "$(TEST_HOST)";
				CODE_SIGN_STYLE = Automatic;
				DEVELOPMENT_TEAM = 9AH9J2C937;
				INFOPLIST_FILE = VocabuleasyTests/Info.plist;
				LD_RUNPATH_SEARCH_PATHS = (
					"$(inherited)",
					"@executable_path/Frameworks",
					"@loader_path/Frameworks",
				);
				PRODUCT_BUNDLE_IDENTIFIER = com.ericgroom.VocabuleasyTests;
				PRODUCT_NAME = "$(TARGET_NAME)";
				SWIFT_VERSION = 5.0;
				TARGETED_DEVICE_FAMILY = "1,2";
				TEST_HOST = "$(BUILT_PRODUCTS_DIR)/Vocabuleasy.app/Vocabuleasy";
			};
			name = Release;
		};
/* End XCBuildConfiguration section */

/* Begin XCConfigurationList section */
		BAF4AC562268D9E700163D2C /* Build configuration list for PBXProject "Vocabuleasy" */ = {
			isa = XCConfigurationList;
			buildConfigurations = (
				BAF4AC792268D9E800163D2C /* Debug */,
				BAF4AC7A2268D9E800163D2C /* Release */,
			);
			defaultConfigurationIsVisible = 0;
			defaultConfigurationName = Release;
		};
		BAF4AC7B2268D9E800163D2C /* Build configuration list for PBXNativeTarget "Vocabuleasy" */ = {
			isa = XCConfigurationList;
			buildConfigurations = (
				BAF4AC7C2268D9E800163D2C /* Debug */,
				BAF4AC7D2268D9E800163D2C /* Release */,
			);
			defaultConfigurationIsVisible = 0;
			defaultConfigurationName = Release;
		};
		BAF4AC7E2268D9E800163D2C /* Build configuration list for PBXNativeTarget "VocabuleasyTests" */ = {
			isa = XCConfigurationList;
			buildConfigurations = (
				BAF4AC7F2268D9E800163D2C /* Debug */,
				BAF4AC802268D9E800163D2C /* Release */,
			);
			defaultConfigurationIsVisible = 0;
			defaultConfigurationName = Release;
		};
/* End XCConfigurationList section */

/* Begin XCVersionGroup section */
		BAF4AC652268D9E700163D2C /* Vocabuleasy.xcdatamodeld */ = {
			isa = XCVersionGroup;
			children = (
				BAF4AC662268D9E700163D2C /* Vocabuleasy.xcdatamodel */,
			);
			currentVersion = BAF4AC662268D9E700163D2C /* Vocabuleasy.xcdatamodel */;
			path = Vocabuleasy.xcdatamodeld;
			sourceTree = "<group>";
			versionGroupType = wrapper.xcdatamodel;
		};
/* End XCVersionGroup section */
	};
	rootObject = BAF4AC532268D9E700163D2C /* Project object */;
}
