PODS:
  - Hero (1.4.0)
  - MarqueeLabel/Swift (3.2.1)
  - NotificationBannerSwift (2.0.1):
    - MarqueeLabel/Swift (~> 3.2.0)
    - SnapKit (~> 4.2.0)
  - SnapKit (4.2.0)

DEPENDENCIES:
  - Hero
  - NotificationBannerSwift

SPEC REPOS:
  https://github.com/cocoapods/specs.git:
    - Hero
    - MarqueeLabel
    - NotificationBannerSwift
    - SnapKit

SPEC CHECKSUMS:
  Hero: bac92350d7201a1a940003e0767c7b52ce7c99a1
  MarqueeLabel: 2daf039bf916937c8a4c9adfc13577cc5e51b4ce
  NotificationBannerSwift: 007774aa590cc9680647b92b2f217bef5c00c32c
  SnapKit: fe8a619752f3f27075cc9a90244d75c6c3f27e2a

PODFILE CHECKSUM: ae444fcb0820e36d4218409301750f668c9f68a1

COCOAPODS: 1.6.1
